
Microsoft Visual Studio Solution File, Format Version 12.00
# Visual Studio Version 17
VisualStudioVersion = 17.8.34330.188
MinimumVisualStudioVersion = 10.0.40219.1
Project("{FAE04EC0-301F-11D3-BF4B-00C04F79EFBC}") = "Labb3MongoDB", "Labb3MongoDB\Labb3MongoDB.csproj", "{DC8586DD-D5FB-4F03-8340-3F41A1E671C3}"
EndProject
Global
	GlobalSection(SolutionConfigurationPlatforms) = preSolution
		Debug|Any CPU = Debug|Any CPU
		Release|Any CPU = Release|Any CPU
	EndGlobalSection
	GlobalSection(ProjectConfigurationPlatforms) = postSolution
		{DC8586DD-D5FB-4F03-8340-3F41A1E671C3}.Debug|Any CPU.ActiveCfg = Debug|Any CPU
		{DC8586DD-D5FB-4F03-8340-3F41A1E671C3}.Debug|Any CPU.Build.0 = Debug|Any CPU
		{DC8586DD-D5FB-4F03-8340-3F41A1E671C3}.Release|Any CPU.ActiveCfg = Release|Any CPU
		{DC8586DD-D5FB-4F03-8340-3F41A1E671C3}.Release|Any CPU.Build.0 = Release|Any CPU
	EndGlobalSection
	GlobalSection(SolutionProperties) = preSolution
		HideSolutionNode = FALSE
	EndGlobalSection
	GlobalSection(ExtensibilityGlobals) = postSolution
		SolutionGuid = {ED0BC942-149C-4DA3-981B-4D0623AE009F}
	EndGlobalSection
EndGlobal
